
Microsoft Visual Studio Solution File, Format Version 12.00
# Visual Studio Version 17
VisualStudioVersion = 17.10.35013.160
MinimumVisualStudioVersion = 10.0.40219.1
Project("{FAE04EC0-301F-11D3-BF4B-00C04F79EFBC}") = "tg_bot_anon_chat", "tg_bot_anon_chat\tg_bot_anon_chat.csproj", "{69786258-C7D0-482D-A28F-4525F6A58321}"
EndProject
Global
	GlobalSection(SolutionConfigurationPlatforms) = preSolution
		Debug|Any CPU = Debug|Any CPU
		Release|Any CPU = Release|Any CPU
	EndGlobalSection
	GlobalSection(ProjectConfigurationPlatforms) = postSolution
		{69786258-C7D0-482D-A28F-4525F6A58321}.Debug|Any CPU.ActiveCfg = Debug|Any CPU
		{69786258-C7D0-482D-A28F-4525F6A58321}.Debug|Any CPU.Build.0 = Debug|Any CPU
		{69786258-C7D0-482D-A28F-4525F6A58321}.Release|Any CPU.ActiveCfg = Release|Any CPU
		{69786258-C7D0-482D-A28F-4525F6A58321}.Release|Any CPU.Build.0 = Release|Any CPU
	EndGlobalSection
	GlobalSection(SolutionProperties) = preSolution
		HideSolutionNode = FALSE
	EndGlobalSection
	GlobalSection(ExtensibilityGlobals) = postSolution
		SolutionGuid = {621F781D-D364-4913-94BC-DB24CA974414}
	EndGlobalSection
EndGlobal
